{"1.1.0",
[{<<"bear">>,
  {git,"https://github.com/boundary/bear.git",
       {ref,"119234548783af19b8ec75c879c5062676b92571"}},
  1},
 {<<"buoy">>,
  {git,"https://github.com/lpgauth/buoy.git",
       {ref,"1d82ae368fb5c72b8c335cc27d13056b41142353"}},
  0},
 {<<"certifi">>,{pkg,<<"certifi">>,<<"0.7.0">>},1},
 {<<"cowlib">>,{pkg,<<"cowlib">>,<<"1.0.0">>},1},
 {<<"dispcount">>,
  {git,"https://github.com/ferd/dispcount.git",
       {ref,"f466aecdb8ea2dda0996af08c3f2683dae612aed"}},
  1},
 {<<"dlhttpc">>,
  {git,"https://github.com/lpgauth/dlhttpc.git",
       {ref,"ca9664358f3d7e63b58cda48545a57c44189a16b"}},
  0},
 {<<"edown">>,
  {git,"https://github.com/uwiger/edown.git",
       {ref,"b7c8eb0ac1859f8fce11cbfe3526f5ec83194776"}},
  2},
 {<<"fqc">>,
  {git,"https://github.com/project-fifo/fqc.git",
       {ref,"ad62f8121414ed026a6a9f564b1856191ab7d1fc"}},
  2},
 {<<"gproc">>,{pkg,<<"gproc">>,<<"0.5.0">>},1},
 {<<"granderl">>,{pkg,<<"granderl">>,<<"0.1.5">>},2},
 {<<"hackney">>,
  {git,"https://github.com/benoitc/hackney.git",
       {ref,"b3814c981cb600211f0b1b0e133c4dbffc8299bc"}},
  0},
 {<<"hdr_histogram">>,
  {git,"https://github.com/HdrHistogram/hdr_histogram_erl.git",
       {ref,"46a4f86f3a9b72181859c2a30c8039c5d486248b"}},
  1},
 {<<"ibrowse">>,
  {git,"https://github.com/cmullaparthi/ibrowse.git",
       {ref,"7529807170cf3c8f6a8c5c95526e670420ff591b"}},
  0},
 {<<"idna">>,{pkg,<<"idna">>,<<"1.2.0">>},1},
 {<<"katipo">>,
  {git,"https://github.com/puzza007/katipo.git",
       {ref,"40660e346d29fec133087ff64e87552b0de19da1"}},
  0},
 {<<"metal">>,{pkg,<<"metal">>,<<"0.1.0">>},2},
 {<<"metrics">>,{pkg,<<"metrics">>,<<"1.1.0">>},1},
 {<<"mimerl">>,{pkg,<<"mimerl">>,<<"1.0.2">>},1},
 {<<"shackle">>,{pkg,<<"shackle">>,<<"0.5.0">>},1},
 {<<"ssl_verify_fun">>,{pkg,<<"ssl_verify_fun">>,<<"1.1.1">>},1},
 {<<"timing">>,
  {git,"https://github.com/lpgauth/timing.git",
       {ref,"8a3c0320692fe48a266b29854e4e27b99f6a7a95"}},
  0}]}.
[
{pkg_hash,[
 {<<"certifi">>, <<"861A57F3808F7EB0C2D1802AFEAAE0FA5DE813B0DF0979153CBAFCD853ABABAF">>},
 {<<"cowlib">>, <<"397D890D669E56D486B0B5329973AD1A07012412BC110D34A737698DD6941741">>},
 {<<"gproc">>, <<"2DF2D886F8F8A7B81A4B04AA17972B5965BBC5BF0100EA6D8E8AC6A0E7389AFE">>},
 {<<"granderl">>, <<"F20077A68BD80B8D8783BD15A052813C6483771DEC1A5B837D307CBE92F14122">>},
 {<<"idna">>, <<"AC62EE99DA068F43C50DC69ACF700E03A62A348360126260E87F2B54ECED86B2">>},
 {<<"metal">>, <<"168E0AB553E3B8144547E353085CEDAA43C8769E0B7E43C0146C99C2C33507AC">>},
 {<<"metrics">>, <<"41450DFFBA18B1206BF44FA1AD4E29324D1E561617C2DAF4EF32E3CE50DF08F3">>},
 {<<"mimerl">>, <<"993F9B0E084083405ED8252B99460C4F0563E41729AB42D9074FD5E52439BE88">>},
 {<<"shackle">>, <<"1C90E21A8181D4750BDEBF203F6A7412659A4C04947591FBE71797B89BEC9600">>},
 {<<"ssl_verify_fun">>, <<"28A4D65B7F59893BC2C7DE786DEC1E1555BD742D336043FE644AE956C3497FBE">>}]}
].
