{"1.1.0",
[{<<"bear">>,
  {git,"https://github.com/boundary/bear.git",
       {ref,"119234548783af19b8ec75c879c5062676b92571"}},
  0},
 {<<"buoy">>,
  {git,"https://github.com/lpgauth/buoy.git",
       {ref,"ab583dc3290ae378efe155c252c508fea6fa2495"}},
  0},
 {<<"cowboy">>,
  {git,"https://github.com/ninenines/cowboy.git",
       {ref,"3eec447960eb03cde48f0f04cd72fd4d1e548ca0"}},
  0},
 {<<"cowlib">>,
  {git,"https://github.com/ninenines/cowlib",
       {ref,"1b5539a1da1d39b110d81b118000f00bbedaf4b4"}},
  1},
 {<<"foil">>,
  {git,"https://github.com/lpgauth/foil.git",
       {ref,"b55c30ff8b21daf89a85d1565d4b836c7f9e549b"}},
  1},
 {<<"granderl">>,{pkg,<<"granderl">>,<<"0.1.5">>},2},
 {<<"metal">>,{pkg,<<"metal">>,<<"0.1.1">>},2},
 {<<"ranch">>,
  {git,"https://github.com/ninenines/ranch",
       {ref,"3190aef88aea04d6dce8545fe9b4574288903f44"}},
  1},
 {<<"shackle">>,
  {git,"https://github.com/lpgauth/shackle.git",
       {ref,"1cf730d86b918df5d390dcfce7f33f49de8e2084"}},
  1}]}.
[
{pkg_hash,[
 {<<"granderl">>, <<"F20077A68BD80B8D8783BD15A052813C6483771DEC1A5B837D307CBE92F14122">>},
 {<<"metal">>, <<"5D3D1322DA7BCD34B94FED5486F577973685298883954F7A3E517EF5EF6953F5">>}]}
].
